
Microsoft Visual Studio Solution File, Format Version 12.00
# Visual Studio Version 17
VisualStudioVersion = 17.14.36327.8
MinimumVisualStudioVersion = 10.0.40219.1
Project("{FAE04EC0-301F-11D3-BF4B-00C04F79EFBC}") = "WpfControls", "src\WpfControls\WpfControls.csproj", "{94CE4747-2C70-4FE0-8F75-D5E2414D94FE}"
EndProject
Project("{FAE04EC0-301F-11D3-BF4B-00C04F79EFBC}") = "WpfControls.Tests", "src\WpfControls.Tests\WpfControls.Tests.csproj", "{5CC96EDD-EF9C-4A68-AF7E-9A108FCE3B1F}"
EndProject
Project("{FAE04EC0-301F-11D3-BF4B-00C04F79EFBC}") = "WpfControlsGallery", "samples\WpfControlsGallery\WpfControlsGallery.csproj", "{49D5796D-E411-4C9E-B255-0332029EBC28}"
EndProject
Global
	GlobalSection(SolutionConfigurationPlatforms) = preSolution
		Debug|Any CPU = Debug|Any CPU
		Release|Any CPU = Release|Any CPU
	EndGlobalSection
	GlobalSection(ProjectConfigurationPlatforms) = postSolution
		{94CE4747-2C70-4FE0-8F75-D5E2414D94FE}.Debug|Any CPU.ActiveCfg = Debug|Any CPU
		{94CE4747-2C70-4FE0-8F75-D5E2414D94FE}.Debug|Any CPU.Build.0 = Debug|Any CPU
		{94CE4747-2C70-4FE0-8F75-D5E2414D94FE}.Release|Any CPU.ActiveCfg = Release|Any CPU
		{94CE4747-2C70-4FE0-8F75-D5E2414D94FE}.Release|Any CPU.Build.0 = Release|Any CPU
		{5CC96EDD-EF9C-4A68-AF7E-9A108FCE3B1F}.Debug|Any CPU.ActiveCfg = Debug|Any CPU
		{5CC96EDD-EF9C-4A68-AF7E-9A108FCE3B1F}.Debug|Any CPU.Build.0 = Debug|Any CPU
		{5CC96EDD-EF9C-4A68-AF7E-9A108FCE3B1F}.Release|Any CPU.ActiveCfg = Release|Any CPU
		{5CC96EDD-EF9C-4A68-AF7E-9A108FCE3B1F}.Release|Any CPU.Build.0 = Release|Any CPU
		{49D5796D-E411-4C9E-B255-0332029EBC28}.Debug|Any CPU.ActiveCfg = Debug|Any CPU
		{49D5796D-E411-4C9E-B255-0332029EBC28}.Debug|Any CPU.Build.0 = Debug|Any CPU
		{49D5796D-E411-4C9E-B255-0332029EBC28}.Release|Any CPU.ActiveCfg = Release|Any CPU
		{49D5796D-E411-4C9E-B255-0332029EBC28}.Release|Any CPU.Build.0 = Release|Any CPU
	EndGlobalSection
	GlobalSection(SolutionProperties) = preSolution
		HideSolutionNode = FALSE
	EndGlobalSection
	GlobalSection(ExtensibilityGlobals) = postSolution
		SolutionGuid = {E8FDC8A9-4AA0-4D39-9A7E-885762BB6CAB}
	EndGlobalSection
EndGlobal
